<?xml version="1.0" encoding="utf-8"?>
<Project ToolsVersion="4.0" xmlns="http://schemas.microsoft.com/developer/msbuild/2003">
  <ItemGroup>
    <Filter Include="Source Files">
      <UniqueIdentifier>{d2c18d97-fedc-4432-8071-aba405fc1239}</UniqueIdentifier>
      <Extensions>cpp;c;cxx;rc;def;r;odl;idl;hpj;bat</Extensions>
    </Filter>
    <Filter Include="Header Files">
      <UniqueIdentifier>{0cb7db50-08ae-44fc-b2c8-c2e2f65f9026}</UniqueIdentifier>
      <Extensions>h;hpp;hxx;hm;inl</Extensions>
    </Filter>
    <Filter Include="Resource Files">
      <UniqueIdentifier>{978ab5c5-78c1-4b28-a039-7dae6d2a8b47}</UniqueIdentifier>
      <Extensions>ico;cur;bmp;dlg;rc2;rct;bin;rgs;gif;jpg;jpeg;jpe</Extensions>
    </Filter>
  </ItemGroup>
  <ItemGroup>
    <ClCompile Include="ParticleSystemApplication.cpp">
      <Filter>Source Files</Filter>
    </ClCompile>
    <ClCompile Include="ParticleSystem.cpp">
      <Filter>Source Files</Filter>
    </ClCompile>
    <ClCompile Include="Rocket.cpp">
      <Filter>Source Files</Filter>
    </ClCompile>
    <ClCompile Include="FireworkParticleSystem.cpp">
      <Filter>Source Files</Filter>
    </ClCompile>
  </ItemGroup>
  <ItemGroup>
    <ClInclude Include="ParticleSystem.h">
      <Filter>Header Files</Filter>
    </ClInclude>
    <ClInclude Include="ParticleData.h">
      <Filter>Header Files</Filter>
    </ClInclude>
    <ClInclude Include="Helpers.h">
      <Filter>Header Files</Filter>
    </ClInclude>
    <ClInclude Include="Rocket.h">
      <Filter>Header Files</Filter>
    </ClInclude>
    <ClInclude Include="Projectile.h">
      <Filter>Header Files</Filter>
    </ClInclude>
    <ClInclude Include="EffectSphere.h">
      <Filter>Header Files</Filter>
    </ClInclude>
    <ClInclude Include="ProjectileTrace.h">
      <Filter>Header Files</Filter>
    </ClInclude>
    <ClInclude Include="FireworkParticleSystem.h">
      <Filter>Header Files</Filter>
    </ClInclude>
    <ClInclude Include="EnvironmentalConstants.h">
      <Filter>Header Files</Filter>
    </ClInclude>
    <ClInclude Include="EffectStar.h">
      <Filter>Header Files</Filter>
    </ClInclude>
    <ClInclude Include="EffectCone.h">
      <Filter>Header Files</Filter>
    </ClInclude>
    <ClInclude Include="EffectMultiSphere.h">
      <Filter>Header Files</Filter>
    </ClInclude>
    <ClInclude Include="EffectRays.h">
      <Filter>Header Files</Filter>
    </ClInclude>
    <ClInclude Include="FireworksTimer.h">
      <Filter>Header Files</Filter>
    </ClInclude>
  </ItemGroup>
</Project>